
Microsoft Visual Studio Solution File, Format Version 12.00
# Visual Studio 15
VisualStudioVersion = 15.0.27130.2027
MinimumVisualStudioVersion = 10.0.40219.1
Project("{FAE04EC0-301F-11D3-BF4B-00C04F79EFBC}") = "LineSDK", "LineSDK\LineSDK.csproj", "{5FA1C68E-7C08-4833-8AB9-1B28E0193EE9}"
EndProject
Global
	GlobalSection(SolutionConfigurationPlatforms) = preSolution
		Debug|Any CPU = Debug|Any CPU
		Release|Any CPU = Release|Any CPU
	EndGlobalSection
	GlobalSection(ProjectConfigurationPlatforms) = postSolution
		{5FA1C68E-7C08-4833-8AB9-1B28E0193EE9}.Debug|Any CPU.ActiveCfg = Debug|Any CPU
		{5FA1C68E-7C08-4833-8AB9-1B28E0193EE9}.Debug|Any CPU.Build.0 = Debug|Any CPU
		{5FA1C68E-7C08-4833-8AB9-1B28E0193EE9}.Release|Any CPU.ActiveCfg = Release|Any CPU
		{5FA1C68E-7C08-4833-8AB9-1B28E0193EE9}.Release|Any CPU.Build.0 = Release|Any CPU
	EndGlobalSection
	GlobalSection(SolutionProperties) = preSolution
		HideSolutionNode = FALSE
	EndGlobalSection
	GlobalSection(ExtensibilityGlobals) = postSolution
		SolutionGuid = {DA119799-38CA-4E3B-A5EF-71711551F551}
	EndGlobalSection
EndGlobal
