
Microsoft Visual Studio Solution File, Format Version 12.00
# Visual Studio 15
VisualStudioVersion = 15.0.27130.2027
MinimumVisualStudioVersion = 10.0.40219.1
Project("{FAE04EC0-301F-11D3-BF4B-00C04F79EFBC}") = "Circle", "Circle\Circle.csproj", "{338C0447-60AF-469F-AA7B-452DBAC44A2E}"
EndProject
Global
	GlobalSection(SolutionConfigurationPlatforms) = preSolution
		Debug|Any CPU = Debug|Any CPU
		Release|Any CPU = Release|Any CPU
	EndGlobalSection
	GlobalSection(ProjectConfigurationPlatforms) = postSolution
		{338C0447-60AF-469F-AA7B-452DBAC44A2E}.Debug|Any CPU.ActiveCfg = Debug|Any CPU
		{338C0447-60AF-469F-AA7B-452DBAC44A2E}.Debug|Any CPU.Build.0 = Debug|Any CPU
		{338C0447-60AF-469F-AA7B-452DBAC44A2E}.Release|Any CPU.ActiveCfg = Release|Any CPU
		{338C0447-60AF-469F-AA7B-452DBAC44A2E}.Release|Any CPU.Build.0 = Release|Any CPU
	EndGlobalSection
	GlobalSection(SolutionProperties) = preSolution
		HideSolutionNode = FALSE
	EndGlobalSection
	GlobalSection(ExtensibilityGlobals) = postSolution
		SolutionGuid = {3AD255E3-CEBD-4F10-8590-739EDA16DACF}
	EndGlobalSection
EndGlobal
