
Microsoft Visual Studio Solution File, Format Version 12.00
# Visual Studio 15
VisualStudioVersion = 15.0.27130.2027
MinimumVisualStudioVersion = 10.0.40219.1
Project("{FAE04EC0-301F-11D3-BF4B-00C04F79EFBC}") = "TreangleSDK", "TreangleSDK\TreangleSDK.csproj", "{61D643A5-CC6B-4625-BA41-F8E7EAF142B9}"
EndProject
Global
	GlobalSection(SolutionConfigurationPlatforms) = preSolution
		Debug|Any CPU = Debug|Any CPU
		Release|Any CPU = Release|Any CPU
	EndGlobalSection
	GlobalSection(ProjectConfigurationPlatforms) = postSolution
		{61D643A5-CC6B-4625-BA41-F8E7EAF142B9}.Debug|Any CPU.ActiveCfg = Debug|Any CPU
		{61D643A5-CC6B-4625-BA41-F8E7EAF142B9}.Debug|Any CPU.Build.0 = Debug|Any CPU
		{61D643A5-CC6B-4625-BA41-F8E7EAF142B9}.Release|Any CPU.ActiveCfg = Release|Any CPU
		{61D643A5-CC6B-4625-BA41-F8E7EAF142B9}.Release|Any CPU.Build.0 = Release|Any CPU
	EndGlobalSection
	GlobalSection(SolutionProperties) = preSolution
		HideSolutionNode = FALSE
	EndGlobalSection
	GlobalSection(ExtensibilityGlobals) = postSolution
		SolutionGuid = {89AD4C9C-EA0D-46AC-8B7A-75825169E84B}
	EndGlobalSection
EndGlobal
