
Microsoft Visual Studio Solution File, Format Version 12.00
# Visual Studio 15
VisualStudioVersion = 15.0.27130.2027
MinimumVisualStudioVersion = 10.0.40219.1
Project("{FAE04EC0-301F-11D3-BF4B-00C04F79EFBC}") = "GraphEditor", "GraphEditor\GraphEditor.csproj", "{4AB483BB-93CA-4456-8227-407A1DD94B65}"
EndProject
Global
	GlobalSection(SolutionConfigurationPlatforms) = preSolution
		Debug|Any CPU = Debug|Any CPU
		Release|Any CPU = Release|Any CPU
	EndGlobalSection
	GlobalSection(ProjectConfigurationPlatforms) = postSolution
		{4AB483BB-93CA-4456-8227-407A1DD94B65}.Debug|Any CPU.ActiveCfg = Debug|Any CPU
		{4AB483BB-93CA-4456-8227-407A1DD94B65}.Debug|Any CPU.Build.0 = Debug|Any CPU
		{4AB483BB-93CA-4456-8227-407A1DD94B65}.Release|Any CPU.ActiveCfg = Release|Any CPU
		{4AB483BB-93CA-4456-8227-407A1DD94B65}.Release|Any CPU.Build.0 = Release|Any CPU
	EndGlobalSection
	GlobalSection(SolutionProperties) = preSolution
		HideSolutionNode = FALSE
	EndGlobalSection
	GlobalSection(ExtensibilityGlobals) = postSolution
		SolutionGuid = {71C31D40-DADC-4403-A25A-193A6D7F5CCB}
	EndGlobalSection
EndGlobal
